// !$*UTF8*$!
{
	archiveVersion = 1;
	classes = {
	};
	objectVersion = 51;
	objects = {

/* Begin PBXBuildFile section */
		8D30779725C3A5D5005CFC05 /* PhotoBucketTableViewController.swift in Sources */ = {isa = PBXBuildFile; fileRef = 8D30779625C3A5D5005CFC05 /* PhotoBucketTableViewController.swift */; };
		8D30779B25C3B1F3005CFC05 /* Utility.swift in Sources */ = {isa = PBXBuildFile; fileRef = 8D30779A25C3B1F3005CFC05 /* Utility.swift */; };
		8D8F8D4B25BF6BE8006D7370 /* AppDelegate.swift in Sources */ = {isa = PBXBuildFile; fileRef = 8D8F8D4A25BF6BE8006D7370 /* AppDelegate.swift */; };
		8D8F8D4D25BF6BE8006D7370 /* SceneDelegate.swift in Sources */ = {isa = PBXBuildFile; fileRef = 8D8F8D4C25BF6BE8006D7370 /* SceneDelegate.swift */; };
		8D8F8D4F25BF6BE8006D7370 /* ViewController.swift in Sources */ = {isa = PBXBuildFile; fileRef = 8D8F8D4E25BF6BE8006D7370 /* ViewController.swift */; };
		8D8F8D5225BF6BE8006D7370 /* Main.storyboard in Resources */ = {isa = PBXBuildFile; fileRef = 8D8F8D5025BF6BE8006D7370 /* Main.storyboard */; };
		8D8F8D5425BF6BEA006D7370 /* Assets.xcassets in Resources */ = {isa = PBXBuildFile; fileRef = 8D8F8D5325BF6BEA006D7370 /* Assets.xcassets */; };
		8D8F8D5725BF6BEA006D7370 /* LaunchScreen.storyboard in Resources */ = {isa = PBXBuildFile; fileRef = 8D8F8D5525BF6BEA006D7370 /* LaunchScreen.storyboard */; };
		8D8F8D7425BF8130006D7370 /* GoogleService-Info.plist in Resources */ = {isa = PBXBuildFile; fileRef = 8D8F8D7325BF8130006D7370 /* GoogleService-Info.plist */; };
		8D8F8D7725BF8277006D7370 /* MyDatabase.swift in Sources */ = {isa = PBXBuildFile; fileRef = 8D8F8D7625BF8277006D7370 /* MyDatabase.swift */; };
		C5DF67EE5E4F51B95A0F6973 /* Pods_Photo_Bucket.framework in Frameworks */ = {isa = PBXBuildFile; fileRef = 9B76E840E544969680BEBC52 /* Pods_Photo_Bucket.framework */; };
/* End PBXBuildFile section */

/* Begin PBXFileReference section */
		00C9EE2E6473AC06203E3BA6 /* Pods-Photo Bucket.release.xcconfig */ = {isa = PBXFileReference; includeInIndex = 1; lastKnownFileType = text.xcconfig; name = "Pods-Photo Bucket.release.xcconfig"; path = "Target Support Files/Pods-Photo Bucket/Pods-Photo Bucket.release.xcconfig"; sourceTree = "<group>"; };
		1DAB8DA219B2F66B69BA600C /* Pods-Photo Bucket.debug.xcconfig */ = {isa = PBXFileReference; includeInIndex = 1; lastKnownFileType = text.xcconfig; name = "Pods-Photo Bucket.debug.xcconfig"; path = "Target Support Files/Pods-Photo Bucket/Pods-Photo Bucket.debug.xcconfig"; sourceTree = "<group>"; };
		8D30779625C3A5D5005CFC05 /* PhotoBucketTableViewController.swift */ = {isa = PBXFileReference; lastKnownFileType = sourcecode.swift; path = PhotoBucketTableViewController.swift; sourceTree = "<group>"; };
		8D30779A25C3B1F3005CFC05 /* Utility.swift */ = {isa = PBXFileReference; lastKnownFileType = sourcecode.swift; path = Utility.swift; sourceTree = "<group>"; };
		8D8F8D4725BF6BE8006D7370 /* Photo Bucket.app */ = {isa = PBXFileReference; explicitFileType = wrapper.application; includeInIndex = 0; path = "Photo Bucket.app"; sourceTree = BUILT_PRODUCTS_DIR; };
		8D8F8D4A25BF6BE8006D7370 /* AppDelegate.swift */ = {isa = PBXFileReference; lastKnownFileType = sourcecode.swift; path = AppDelegate.swift; sourceTree = "<group>"; };
		8D8F8D4C25BF6BE8006D7370 /* SceneDelegate.swift */ = {isa = PBXFileReference; lastKnownFileType = sourcecode.swift; path = SceneDelegate.swift; sourceTree = "<group>"; };
		8D8F8D4E25BF6BE8006D7370 /* ViewController.swift */ = {isa = PBXFileReference; lastKnownFileType = sourcecode.swift; path = ViewController.swift; sourceTree = "<group>"; };
		8D8F8D5125BF6BE8006D7370 /* Base */ = {isa = PBXFileReference; lastKnownFileType = file.storyboard; name = Base; path = Base.lproj/Main.storyboard; sourceTree = "<group>"; };
		8D8F8D5325BF6BEA006D7370 /* Assets.xcassets */ = {isa = PBXFileReference; lastKnownFileType = folder.assetcatalog; path = Assets.xcassets; sourceTree = "<group>"; };
		8D8F8D5625BF6BEA006D7370 /* Base */ = {isa = PBXFileReference; lastKnownFileType = file.storyboard; name = Base; path = Base.lproj/LaunchScreen.storyboard; sourceTree = "<group>"; };
		8D8F8D5825BF6BEA006D7370 /* Info.plist */ = {isa = PBXFileReference; lastKnownFileType = text.plist.xml; path = Info.plist; sourceTree = "<group>"; };
		8D8F8D7325BF8130006D7370 /* GoogleService-Info.plist */ = {isa = PBXFileReference; fileEncoding = 4; lastKnownFileType = text.plist.xml; path = "GoogleService-Info.plist"; sourceTree = "<group>"; };
		8D8F8D7625BF8277006D7370 /* MyDatabase.swift */ = {isa = PBXFileReference; lastKnownFileType = sourcecode.swift; path = MyDatabase.swift; sourceTree = "<group>"; };
		9B76E840E544969680BEBC52 /* Pods_Photo_Bucket.framework */ = {isa = PBXFileReference; explicitFileType = wrapper.framework; includeInIndex = 0; path = Pods_Photo_Bucket.framework; sourceTree = BUILT_PRODUCTS_DIR; };
/* End PBXFileReference section */

/* Begin PBXFrameworksBuildPhase section */
		8D8F8D4425BF6BE8006D7370 /* Frameworks */ = {
			isa = PBXFrameworksBuildPhase;
			buildActionMask = 2147483647;
			files = (
				C5DF67EE5E4F51B95A0F6973 /* Pods_Photo_Bucket.framework in Frameworks */,
			);
			runOnlyForDeploymentPostprocessing = 0;
		};
/* End PBXFrameworksBuildPhase section */

/* Begin PBXGroup section */
		8D8F8D3E25BF6BE8006D7370 = {
			isa = PBXGroup;
			children = (
				8D8F8D4925BF6BE8006D7370 /* Photo Bucket */,
				8D8F8D4825BF6BE8006D7370 /* Products */,
				9F3A4D1F9699284C7838C412 /* Pods */,
				DD03745DC5D39824D49D3352 /* Frameworks */,
			);
			sourceTree = "<group>";
		};
		8D8F8D4825BF6BE8006D7370 /* Products */ = {
			isa = PBXGroup;
			children = (
				8D8F8D4725BF6BE8006D7370 /* Photo Bucket.app */,
			);
			name = Products;
			sourceTree = "<group>";
		};
		8D8F8D4925BF6BE8006D7370 /* Photo Bucket */ = {
			isa = PBXGroup;
			children = (
				8D8F8D7325BF8130006D7370 /* GoogleService-Info.plist */,
				8D8F8D4A25BF6BE8006D7370 /* AppDelegate.swift */,
				8D8F8D4C25BF6BE8006D7370 /* SceneDelegate.swift */,
				8D8F8D4E25BF6BE8006D7370 /* ViewController.swift */,
				8D8F8D5025BF6BE8006D7370 /* Main.storyboard */,
				8D8F8D5325BF6BEA006D7370 /* Assets.xcassets */,
				8D8F8D5525BF6BEA006D7370 /* LaunchScreen.storyboard */,
				8D8F8D5825BF6BEA006D7370 /* Info.plist */,
				8D8F8D7625BF8277006D7370 /* MyDatabase.swift */,
				8D30779625C3A5D5005CFC05 /* PhotoBucketTableViewController.swift */,
				8D30779A25C3B1F3005CFC05 /* Utility.swift */,
			);
			path = "Photo Bucket";
			sourceTree = "<group>";
		};
		9F3A4D1F9699284C7838C412 /* Pods */ = {
			isa = PBXGroup;
			children = (
				1DAB8DA219B2F66B69BA600C /* Pods-Photo Bucket.debug.xcconfig */,
				00C9EE2E6473AC06203E3BA6 /* Pods-Photo Bucket.release.xcconfig */,
			);
			path = Pods;
			sourceTree = "<group>";
		};
		DD03745DC5D39824D49D3352 /* Frameworks */ = {
			isa = PBXGroup;
			children = (
				9B76E840E544969680BEBC52 /* Pods_Photo_Bucket.framework */,
			);
			name = Frameworks;
			sourceTree = "<group>";
		};
/* End PBXGroup section */

/* Begin PBXNativeTarget section */
		8D8F8D4625BF6BE8006D7370 /* Photo Bucket */ = {
			isa = PBXNativeTarget;
			buildConfigurationList = 8D8F8D5B25BF6BEA006D7370 /* Build configuration list for PBXNativeTarget "Photo Bucket" */;
			buildPhases = (
				44BB87CB7836418F2BABDDEA /* [CP] Check Pods Manifest.lock */,
				8D8F8D4325BF6BE8006D7370 /* Sources */,
				8D8F8D4425BF6BE8006D7370 /* Frameworks */,
				8D8F8D4525BF6BE8006D7370 /* Resources */,
				500BE6F438A2560C4CA46D9A /* [CP] Embed Pods Frameworks */,
			);
			buildRules = (
			);
			dependencies = (
			);
			name = "Photo Bucket";
			productName = "Photo Bucket";
			productReference = 8D8F8D4725BF6BE8006D7370 /* Photo Bucket.app */;
			productType = "com.apple.product-type.application";
		};
/* End PBXNativeTarget section */

/* Begin PBXProject section */
		8D8F8D3F25BF6BE8006D7370 /* Project object */ = {
			isa = PBXProject;
			attributes = {
				LastSwiftUpdateCheck = 1230;
				LastUpgradeCheck = 1230;
				TargetAttributes = {
					8D8F8D4625BF6BE8006D7370 = {
						CreatedOnToolsVersion = 12.3;
					};
				};
			};
			buildConfigurationList = 8D8F8D4225BF6BE8006D7370 /* Build configuration list for PBXProject "Photo Bucket" */;
			compatibilityVersion = "Xcode 9.3";
			developmentRegion = en;
			hasScannedForEncodings = 0;
			knownRegions = (
				en,
				Base,
			);
			mainGroup = 8D8F8D3E25BF6BE8006D7370;
			productRefGroup = 8D8F8D4825BF6BE8006D7370 /* Products */;
			projectDirPath = "";
			projectRoot = "";
			targets = (
				8D8F8D4625BF6BE8006D7370 /* Photo Bucket */,
			);
		};
/* End PBXProject section */

/* Begin PBXResourcesBuildPhase section */
		8D8F8D4525BF6BE8006D7370 /* Resources */ = {
			isa = PBXResourcesBuildPhase;
			buildActionMask = 2147483647;
			files = (
				8D8F8D5725BF6BEA006D7370 /* LaunchScreen.storyboard in Resources */,
				8D8F8D7425BF8130006D7370 /* GoogleService-Info.plist in Resources */,
				8D8F8D5425BF6BEA006D7370 /* Assets.xcassets in Resources */,
				8D8F8D5225BF6BE8006D7370 /* Main.storyboard in Resources */,
			);
			runOnlyForDeploymentPostprocessing = 0;
		};
/* End PBXResourcesBuildPhase section */

/* Begin PBXShellScriptBuildPhase section */
		44BB87CB7836418F2BABDDEA /* [CP] Check Pods Manifest.lock */ = {
			isa = PBXShellScriptBuildPhase;
			buildActionMask = 2147483647;
			files = (
			);
			inputFileListPaths = (
			);
			inputPaths = (
				"${PODS_PODFILE_DIR_PATH}/Podfile.lock",
				"${PODS_ROOT}/Manifest.lock",
			);
			name = "[CP] Check Pods Manifest.lock";
			outputFileListPaths = (
			);
			outputPaths = (
				"$(DERIVED_FILE_DIR)/Pods-Photo Bucket-checkManifestLockResult.txt",
			);
			runOnlyForDeploymentPostprocessing = 0;
			shellPath = /bin/sh;
			shellScript = "diff \"${PODS_PODFILE_DIR_PATH}/Podfile.lock\" \"${PODS_ROOT}/Manifest.lock\" > /dev/null\nif [ $? != 0 ] ; then\n    # print error to STDERR\n    echo \"error: The sandbox is not in sync with the Podfile.lock. Run 'pod install' or update your CocoaPods installation.\" >&2\n    exit 1\nfi\n# This output is used by Xcode 'outputs' to avoid re-running this script phase.\necho \"SUCCESS\" > \"${SCRIPT_OUTPUT_FILE_0}\"\n";
			showEnvVarsInLog = 0;
		};
		500BE6F438A2560C4CA46D9A /* [CP] Embed Pods Frameworks */ = {
			isa = PBXShellScriptBuildPhase;
			buildActionMask = 2147483647;
			files = (
			);
			inputFileListPaths = (
				"${PODS_ROOT}/Target Support Files/Pods-Photo Bucket/Pods-Photo Bucket-frameworks-${CONFIGURATION}-input-files.xcfilelist",
			);
			name = "[CP] Embed Pods Frameworks";
			outputFileListPaths = (
				"${PODS_ROOT}/Target Support Files/Pods-Photo Bucket/Pods-Photo Bucket-frameworks-${CONFIGURATION}-output-files.xcfilelist",
			);
			runOnlyForDeploymentPostprocessing = 0;
			shellPath = /bin/sh;
			shellScript = "\"${PODS_ROOT}/Target Support Files/Pods-Photo Bucket/Pods-Photo Bucket-frameworks.sh\"\n";
			showEnvVarsInLog = 0;
		};
/* End PBXShellScriptBuildPhase section */

/* Begin PBXSourcesBuildPhase section */
		8D8F8D4325BF6BE8006D7370 /* Sources */ = {
			isa = PBXSourcesBuildPhase;
			buildActionMask = 2147483647;
			files = (
				8D30779725C3A5D5005CFC05 /* PhotoBucketTableViewController.swift in Sources */,
				8D8F8D4F25BF6BE8006D7370 /* ViewController.swift in Sources */,
				8D30779B25C3B1F3005CFC05 /* Utility.swift in Sources */,
				8D8F8D4B25BF6BE8006D7370 /* AppDelegate.swift in Sources */,
				8D8F8D7725BF8277006D7370 /* MyDatabase.swift in Sources */,
				8D8F8D4D25BF6BE8006D7370 /* SceneDelegate.swift in Sources */,
			);
			runOnlyForDeploymentPostprocessing = 0;
		};
/* End PBXSourcesBuildPhase section */

/* Begin PBXVariantGroup section */
		8D8F8D5025BF6BE8006D7370 /* Main.storyboard */ = {
			isa = PBXVariantGroup;
			children = (
				8D8F8D5125BF6BE8006D7370 /* Base */,
			);
			name = Main.storyboard;
			sourceTree = "<group>";
		};
		8D8F8D5525BF6BEA006D7370 /* LaunchScreen.storyboard */ = {
			isa = PBXVariantGroup;
			children = (
				8D8F8D5625BF6BEA006D7370 /* Base */,
			);
			name = LaunchScreen.storyboard;
			sourceTree = "<group>";
		};
/* End PBXVariantGroup section */

/* Begin XCBuildConfiguration section */
		8D8F8D5925BF6BEA006D7370 /* Debug */ = {
			isa = XCBuildConfiguration;
			buildSettings = {
				ALWAYS_SEARCH_USER_PATHS = NO;
				CLANG_ANALYZER_NONNULL = YES;
				CLANG_ANALYZER_NUMBER_OBJECT_CONVERSION = YES_AGGRESSIVE;
				CLANG_CXX_LANGUAGE_STANDARD = "gnu++14";
				CLANG_CXX_LIBRARY = "libc++";
				CLANG_ENABLE_MODULES = YES;
				CLANG_ENABLE_OBJC_ARC = YES;
				CLANG_ENABLE_OBJC_WEAK = YES;
				CLANG_WARN_BLOCK_CAPTURE_AUTORELEASING = YES;
				CLANG_WARN_BOOL_CONVERSION = YES;
				CLANG_WARN_COMMA = YES;
				CLANG_WARN_CONSTANT_CONVERSION = YES;
				CLANG_WARN_DEPRECATED_OBJC_IMPLEMENTATIONS = YES;
				CLANG_WARN_DIRECT_OBJC_ISA_USAGE = YES_ERROR;
				CLANG_WARN_DOCUMENTATION_COMMENTS = YES;
				CLANG_WARN_EMPTY_BODY = YES;
				CLANG_WARN_ENUM_CONVERSION = YES;
				CLANG_WARN_INFINITE_RECURSION = YES;
				CLANG_WARN_INT_CONVERSION = YES;
				CLANG_WARN_NON_LITERAL_NULL_CONVERSION = YES;
				CLANG_WARN_OBJC_IMPLICIT_RETAIN_SELF = YES;
				CLANG_WARN_OBJC_LITERAL_CONVERSION = YES;
				CLANG_WARN_OBJC_ROOT_CLASS = YES_ERROR;
				CLANG_WARN_QUOTED_INCLUDE_IN_FRAMEWORK_HEADER = YES;
				CLANG_WARN_RANGE_LOOP_ANALYSIS = YES;
				CLANG_WARN_STRICT_PROTOTYPES = YES;
				CLANG_WARN_SUSPICIOUS_MOVE = YES;
				CLANG_WARN_UNGUARDED_AVAILABILITY = YES_AGGRESSIVE;
				CLANG_WARN_UNREACHABLE_CODE = YES;
				CLANG_WARN__DUPLICATE_METHOD_MATCH = YES;
				COPY_PHASE_STRIP = NO;
				DEBUG_INFORMATION_FORMAT = dwarf;
				ENABLE_STRICT_OBJC_MSGSEND = YES;
				ENABLE_TESTABILITY = YES;
				GCC_C_LANGUAGE_STANDARD = gnu11;
				GCC_DYNAMIC_NO_PIC = NO;
				GCC_NO_COMMON_BLOCKS = YES;
				GCC_OPTIMIZATION_LEVEL = 0;
				GCC_PREPROCESSOR_DEFINITIONS = (
					"DEBUG=1",
					"$(inherited)",
				);
				GCC_WARN_64_TO_32_BIT_CONVERSION = YES;
				GCC_WARN_ABOUT_RETURN_TYPE = YES_ERROR;
				GCC_WARN_UNDECLARED_SELECTOR = YES;
				GCC_WARN_UNINITIALIZED_AUTOS = YES_AGGRESSIVE;
				GCC_WARN_UNUSED_FUNCTION = YES;
				GCC_WARN_UNUSED_VARIABLE = YES;
				IPHONEOS_DEPLOYMENT_TARGET = 14.3;
				MTL_ENABLE_DEBUG_INFO = INCLUDE_SOURCE;
				MTL_FAST_MATH = YES;
				ONLY_ACTIVE_ARCH = YES;
				SDKROOT = iphoneos;
				SWIFT_ACTIVE_COMPILATION_CONDITIONS = DEBUG;
				SWIFT_OPTIMIZATION_LEVEL = "-Onone";
			};
			name = Debug;
		};
		8D8F8D5A25BF6BEA006D7370 /* Release */ = {
			isa = XCBuildConfiguration;
			buildSettings = {
				ALWAYS_SEARCH_USER_PATHS = NO;
				CLANG_ANALYZER_NONNULL = YES;
				CLANG_ANALYZER_NUMBER_OBJECT_CONVERSION = YES_AGGRESSIVE;
				CLANG_CXX_LANGUAGE_STANDARD = "gnu++14";
				CLANG_CXX_LIBRARY = "libc++";
				CLANG_ENABLE_MODULES = YES;
				CLANG_ENABLE_OBJC_ARC = YES;
				CLANG_ENABLE_OBJC_WEAK = YES;
				CLANG_WARN_BLOCK_CAPTURE_AUTORELEASING = YES;
				CLANG_WARN_BOOL_CONVERSION = YES;
				CLANG_WARN_COMMA = YES;
				CLANG_WARN_CONSTANT_CONVERSION = YES;
				CLANG_WARN_DEPRECATED_OBJC_IMPLEMENTATIONS = YES;
				CLANG_WARN_DIRECT_OBJC_ISA_USAGE = YES_ERROR;
				CLANG_WARN_DOCUMENTATION_COMMENTS = YES;
				CLANG_WARN_EMPTY_BODY = YES;
				CLANG_WARN_ENUM_CONVERSION = YES;
				CLANG_WARN_INFINITE_RECURSION = YES;
				CLANG_WARN_INT_CONVERSION = YES;
				CLANG_WARN_NON_LITERAL_NULL_CONVERSION = YES;
				CLANG_WARN_OBJC_IMPLICIT_RETAIN_SELF = YES;
				CLANG_WARN_OBJC_LITERAL_CONVERSION = YES;
				CLANG_WARN_OBJC_ROOT_CLASS = YES_ERROR;
				CLANG_WARN_QUOTED_INCLUDE_IN_FRAMEWORK_HEADER = YES;
				CLANG_WARN_RANGE_LOOP_ANALYSIS = YES;
				CLANG_WARN_STRICT_PROTOTYPES = YES;
				CLANG_WARN_SUSPICIOUS_MOVE = YES;
				CLANG_WARN_UNGUARDED_AVAILABILITY = YES_AGGRESSIVE;
				CLANG_WARN_UNREACHABLE_CODE = YES;
				CLANG_WARN__DUPLICATE_METHOD_MATCH = YES;
				COPY_PHASE_STRIP = NO;
				DEBUG_INFORMATION_FORMAT = "dwarf-with-dsym";
				ENABLE_NS_ASSERTIONS = NO;
				ENABLE_STRICT_OBJC_MSGSEND = YES;
				GCC_C_LANGUAGE_STANDARD = gnu11;
				GCC_NO_COMMON_BLOCKS = YES;
				GCC_WARN_64_TO_32_BIT_CONVERSION = YES;
				GCC_WARN_ABOUT_RETURN_TYPE = YES_ERROR;
				GCC_WARN_UNDECLARED_SELECTOR = YES;
				GCC_WARN_UNINITIALIZED_AUTOS = YES_AGGRESSIVE;
				GCC_WARN_UNUSED_FUNCTION = YES;
				GCC_WARN_UNUSED_VARIABLE = YES;
				IPHONEOS_DEPLOYMENT_TARGET = 14.3;
				MTL_ENABLE_DEBUG_INFO = NO;
				MTL_FAST_MATH = YES;
				SDKROOT = iphoneos;
				SWIFT_COMPILATION_MODE = wholemodule;
				SWIFT_OPTIMIZATION_LEVEL = "-O";
				VALIDATE_PRODUCT = YES;
			};
			name = Release;
		};
		8D8F8D5C25BF6BEA006D7370 /* Debug */ = {
			isa = XCBuildConfiguration;
			baseConfigurationReference = 1DAB8DA219B2F66B69BA600C /* Pods-Photo Bucket.debug.xcconfig */;
			buildSettings = {
				ASSETCATALOG_COMPILER_APPICON_NAME = AppIcon;
				ASSETCATALOG_COMPILER_GLOBAL_ACCENT_COLOR_NAME = AccentColor;
				CODE_SIGN_STYLE = Automatic;
				DEVELOPMENT_TEAM = R8GHK8844T;
				INFOPLIST_FILE = "Photo Bucket/Info.plist";
				LD_RUNPATH_SEARCH_PATHS = (
					"$(inherited)",
					"@executable_path/Frameworks",
				);
				PRODUCT_BUNDLE_IDENTIFIER = "edu.rose-hulman.tuey.Photo-Bucket";
				PRODUCT_NAME = "$(TARGET_NAME)";
				SWIFT_VERSION = 5.0;
				TARGETED_DEVICE_FAMILY = "1,2";
			};
			name = Debug;
		};
		8D8F8D5D25BF6BEA006D7370 /* Release */ = {
			isa = XCBuildConfiguration;
			baseConfigurationReference = 00C9EE2E6473AC06203E3BA6 /* Pods-Photo Bucket.release.xcconfig */;
			buildSettings = {
				ASSETCATALOG_COMPILER_APPICON_NAME = AppIcon;
				ASSETCATALOG_COMPILER_GLOBAL_ACCENT_COLOR_NAME = AccentColor;
				CODE_SIGN_STYLE = Automatic;
				DEVELOPMENT_TEAM = R8GHK8844T;
				INFOPLIST_FILE = "Photo Bucket/Info.plist";
				LD_RUNPATH_SEARCH_PATHS = (
					"$(inherited)",
					"@executable_path/Frameworks",
				);
				PRODUCT_BUNDLE_IDENTIFIER = "edu.rose-hulman.tuey.Photo-Bucket";
				PRODUCT_NAME = "$(TARGET_NAME)";
				SWIFT_VERSION = 5.0;
				TARGETED_DEVICE_FAMILY = "1,2";
			};
			name = Release;
		};
/* End XCBuildConfiguration section */

/* Begin XCConfigurationList section */
		8D8F8D4225BF6BE8006D7370 /* Build configuration list for PBXProject "Photo Bucket" */ = {
			isa = XCConfigurationList;
			buildConfigurations = (
				8D8F8D5925BF6BEA006D7370 /* Debug */,
				8D8F8D5A25BF6BEA006D7370 /* Release */,
			);
			defaultConfigurationIsVisible = 0;
			defaultConfigurationName = Release;
		};
		8D8F8D5B25BF6BEA006D7370 /* Build configuration list for PBXNativeTarget "Photo Bucket" */ = {
			isa = XCConfigurationList;
			buildConfigurations = (
				8D8F8D5C25BF6BEA006D7370 /* Debug */,
				8D8F8D5D25BF6BEA006D7370 /* Release */,
			);
			defaultConfigurationIsVisible = 0;
			defaultConfigurationName = Release;
		};
/* End XCConfigurationList section */
	};
	rootObject = 8D8F8D3F25BF6BE8006D7370 /* Project object */;
}
